Microsoft Visual Studio Solution File, Format Version 12.00
# Visual Studio Version 17
VisualStudioVersion = 17.5.2.0
MinimumVisualStudioVersion = 10.0.40219.1
Project("{FAE04EC0-301F-11D3-BF4B-00C04F79EFBC}") = "getparriednerd", "getparriednerd.csproj", "{79EAAFA8-C724-AC73-3634-28FA3664A8B6}"
EndProject
Global
	GlobalSection(SolutionConfigurationPlatforms) = preSolution
		Debug|Any CPU = Debug|Any CPU
		Release|Any CPU = Release|Any CPU
	EndGlobalSection
	GlobalSection(ProjectConfigurationPlatforms) = postSolution
		{79EAAFA8-C724-AC73-3634-28FA3664A8B6}.Debug|Any CPU.ActiveCfg = Debug|Any CPU
		{79EAAFA8-C724-AC73-3634-28FA3664A8B6}.Debug|Any CPU.Build.0 = Debug|Any CPU
		{79EAAFA8-C724-AC73-3634-28FA3664A8B6}.Release|Any CPU.ActiveCfg = Release|Any CPU
		{79EAAFA8-C724-AC73-3634-28FA3664A8B6}.Release|Any CPU.Build.0 = Release|Any CPU
	EndGlobalSection
	GlobalSection(SolutionProperties) = preSolution
		HideSolutionNode = FALSE
	EndGlobalSection
	GlobalSection(ExtensibilityGlobals) = postSolution
		SolutionGuid = {C3C245FD-E1B8-4044-8036-A8C998907722}
	EndGlobalSection
EndGlobal
